
Microsoft Visual Studio Solution File, Format Version 11.00
# Visual Studio 2010
Project("{FAE04EC0-301F-11D3-BF4B-00C04F79EFBC}") = "closures", "closures\closures.csproj", "{129A24E8-7DCF-4F39-BB2B-893620210F8F}"
EndProject
Project("{FAE04EC0-301F-11D3-BF4B-00C04F79EFBC}") = "generators", "generators\generators.csproj", "{C1C411BC-76F9-40C7-AA73-1AAF72481E98}"
EndProject
Project("{FAE04EC0-301F-11D3-BF4B-00C04F79EFBC}") = "memoization", "memoization\memoization.csproj", "{4D2C7186-83D6-4C95-B755-9E9FCB82D510}"
EndProject
Project("{FAE04EC0-301F-11D3-BF4B-00C04F79EFBC}") = "currying", "currying\currying.csproj", "{BEDC1040-43E1-4818-AB3E-36D73D140DA5}"
EndProject
Global
	GlobalSection(SolutionConfigurationPlatforms) = preSolution
		Debug|x86 = Debug|x86
		Release|x86 = Release|x86
	EndGlobalSection
	GlobalSection(ProjectConfigurationPlatforms) = postSolution
		{129A24E8-7DCF-4F39-BB2B-893620210F8F}.Debug|x86.ActiveCfg = Debug|x86
		{129A24E8-7DCF-4F39-BB2B-893620210F8F}.Debug|x86.Build.0 = Debug|x86
		{129A24E8-7DCF-4F39-BB2B-893620210F8F}.Release|x86.ActiveCfg = Release|x86
		{129A24E8-7DCF-4F39-BB2B-893620210F8F}.Release|x86.Build.0 = Release|x86
		{C1C411BC-76F9-40C7-AA73-1AAF72481E98}.Debug|x86.ActiveCfg = Debug|x86
		{C1C411BC-76F9-40C7-AA73-1AAF72481E98}.Debug|x86.Build.0 = Debug|x86
		{C1C411BC-76F9-40C7-AA73-1AAF72481E98}.Release|x86.ActiveCfg = Release|x86
		{C1C411BC-76F9-40C7-AA73-1AAF72481E98}.Release|x86.Build.0 = Release|x86
		{4D2C7186-83D6-4C95-B755-9E9FCB82D510}.Debug|x86.ActiveCfg = Debug|x86
		{4D2C7186-83D6-4C95-B755-9E9FCB82D510}.Debug|x86.Build.0 = Debug|x86
		{4D2C7186-83D6-4C95-B755-9E9FCB82D510}.Release|x86.ActiveCfg = Release|x86
		{4D2C7186-83D6-4C95-B755-9E9FCB82D510}.Release|x86.Build.0 = Release|x86
		{BEDC1040-43E1-4818-AB3E-36D73D140DA5}.Debug|x86.ActiveCfg = Debug|x86
		{BEDC1040-43E1-4818-AB3E-36D73D140DA5}.Debug|x86.Build.0 = Debug|x86
		{BEDC1040-43E1-4818-AB3E-36D73D140DA5}.Release|x86.ActiveCfg = Release|x86
		{BEDC1040-43E1-4818-AB3E-36D73D140DA5}.Release|x86.Build.0 = Release|x86
	EndGlobalSection
	GlobalSection(SolutionProperties) = preSolution
		HideSolutionNode = FALSE
	EndGlobalSection
EndGlobal
