
Microsoft Visual Studio Solution File, Format Version 12.00
# Visual Studio 2013
VisualStudioVersion = 12.0.21005.1
MinimumVisualStudioVersion = 10.0.40219.1
Project("{FAE04EC0-301F-11D3-BF4B-00C04F79EFBC}") = "closures", "closures\closures.csproj", "{129A24E8-7DCF-4F39-BB2B-893620210F8F}"
EndProject
Project("{FAE04EC0-301F-11D3-BF4B-00C04F79EFBC}") = "generators", "generators\generators.csproj", "{C1C411BC-76F9-40C7-AA73-1AAF72481E98}"
EndProject
Project("{FAE04EC0-301F-11D3-BF4B-00C04F79EFBC}") = "memoization", "memoization\memoization.csproj", "{4D2C7186-83D6-4C95-B755-9E9FCB82D510}"
EndProject
Project("{FAE04EC0-301F-11D3-BF4B-00C04F79EFBC}") = "currying", "currying\currying.csproj", "{BEDC1040-43E1-4818-AB3E-36D73D140DA5}"
EndProject
Global
	GlobalSection(SolutionConfigurationPlatforms) = preSolution
		Debug|Any CPU = Debug|Any CPU
		Debug|Mixed Platforms = Debug|Mixed Platforms
		Debug|x86 = Debug|x86
		Release|Any CPU = Release|Any CPU
		Release|Mixed Platforms = Release|Mixed Platforms
		Release|x86 = Release|x86
	EndGlobalSection
	GlobalSection(ProjectConfigurationPlatforms) = postSolution
		{129A24E8-7DCF-4F39-BB2B-893620210F8F}.Debug|Any CPU.ActiveCfg = Debug|x86
		{129A24E8-7DCF-4F39-BB2B-893620210F8F}.Debug|Mixed Platforms.ActiveCfg = Debug|x86
		{129A24E8-7DCF-4F39-BB2B-893620210F8F}.Debug|Mixed Platforms.Build.0 = Debug|x86
		{129A24E8-7DCF-4F39-BB2B-893620210F8F}.Debug|x86.ActiveCfg = Debug|x86
		{129A24E8-7DCF-4F39-BB2B-893620210F8F}.Debug|x86.Build.0 = Debug|x86
		{129A24E8-7DCF-4F39-BB2B-893620210F8F}.Release|Any CPU.ActiveCfg = Release|x86
		{129A24E8-7DCF-4F39-BB2B-893620210F8F}.Release|Mixed Platforms.ActiveCfg = Release|x86
		{129A24E8-7DCF-4F39-BB2B-893620210F8F}.Release|Mixed Platforms.Build.0 = Release|x86
		{129A24E8-7DCF-4F39-BB2B-893620210F8F}.Release|x86.ActiveCfg = Release|x86
		{129A24E8-7DCF-4F39-BB2B-893620210F8F}.Release|x86.Build.0 = Release|x86
		{C1C411BC-76F9-40C7-AA73-1AAF72481E98}.Debug|Any CPU.ActiveCfg = Debug|x86
		{C1C411BC-76F9-40C7-AA73-1AAF72481E98}.Debug|Mixed Platforms.ActiveCfg = Debug|x86
		{C1C411BC-76F9-40C7-AA73-1AAF72481E98}.Debug|Mixed Platforms.Build.0 = Debug|x86
		{C1C411BC-76F9-40C7-AA73-1AAF72481E98}.Debug|x86.ActiveCfg = Debug|x86
		{C1C411BC-76F9-40C7-AA73-1AAF72481E98}.Debug|x86.Build.0 = Debug|x86
		{C1C411BC-76F9-40C7-AA73-1AAF72481E98}.Release|Any CPU.ActiveCfg = Release|x86
		{C1C411BC-76F9-40C7-AA73-1AAF72481E98}.Release|Mixed Platforms.ActiveCfg = Release|x86
		{C1C411BC-76F9-40C7-AA73-1AAF72481E98}.Release|Mixed Platforms.Build.0 = Release|x86
		{C1C411BC-76F9-40C7-AA73-1AAF72481E98}.Release|x86.ActiveCfg = Release|x86
		{C1C411BC-76F9-40C7-AA73-1AAF72481E98}.Release|x86.Build.0 = Release|x86
		{4D2C7186-83D6-4C95-B755-9E9FCB82D510}.Debug|Any CPU.ActiveCfg = Debug|x86
		{4D2C7186-83D6-4C95-B755-9E9FCB82D510}.Debug|Mixed Platforms.ActiveCfg = Debug|x86
		{4D2C7186-83D6-4C95-B755-9E9FCB82D510}.Debug|Mixed Platforms.Build.0 = Debug|x86
		{4D2C7186-83D6-4C95-B755-9E9FCB82D510}.Debug|x86.ActiveCfg = Debug|x86
		{4D2C7186-83D6-4C95-B755-9E9FCB82D510}.Debug|x86.Build.0 = Debug|x86
		{4D2C7186-83D6-4C95-B755-9E9FCB82D510}.Release|Any CPU.ActiveCfg = Release|x86
		{4D2C7186-83D6-4C95-B755-9E9FCB82D510}.Release|Mixed Platforms.ActiveCfg = Release|x86
		{4D2C7186-83D6-4C95-B755-9E9FCB82D510}.Release|Mixed Platforms.Build.0 = Release|x86
		{4D2C7186-83D6-4C95-B755-9E9FCB82D510}.Release|x86.ActiveCfg = Release|x86
		{4D2C7186-83D6-4C95-B755-9E9FCB82D510}.Release|x86.Build.0 = Release|x86
		{BEDC1040-43E1-4818-AB3E-36D73D140DA5}.Debug|Any CPU.ActiveCfg = Debug|x86
		{BEDC1040-43E1-4818-AB3E-36D73D140DA5}.Debug|Mixed Platforms.ActiveCfg = Debug|x86
		{BEDC1040-43E1-4818-AB3E-36D73D140DA5}.Debug|Mixed Platforms.Build.0 = Debug|x86
		{BEDC1040-43E1-4818-AB3E-36D73D140DA5}.Debug|x86.ActiveCfg = Debug|x86
		{BEDC1040-43E1-4818-AB3E-36D73D140DA5}.Debug|x86.Build.0 = Debug|x86
		{BEDC1040-43E1-4818-AB3E-36D73D140DA5}.Release|Any CPU.ActiveCfg = Release|x86
		{BEDC1040-43E1-4818-AB3E-36D73D140DA5}.Release|Mixed Platforms.ActiveCfg = Release|x86
		{BEDC1040-43E1-4818-AB3E-36D73D140DA5}.Release|Mixed Platforms.Build.0 = Release|x86
		{BEDC1040-43E1-4818-AB3E-36D73D140DA5}.Release|x86.ActiveCfg = Release|x86
		{BEDC1040-43E1-4818-AB3E-36D73D140DA5}.Release|x86.Build.0 = Release|x86
	EndGlobalSection
	GlobalSection(SolutionProperties) = preSolution
		HideSolutionNode = FALSE
	EndGlobalSection
EndGlobal
