
Microsoft Visual Studio Solution File, Format Version 12.00
# Visual Studio 14
VisualStudioVersion = 14.0.24720.0
MinimumVisualStudioVersion = 10.0.40219.1
Project("{FAE04EC0-301F-11D3-BF4B-00C04F79EFBC}") = "linkedList", "LinkedList\linkedList.csproj", "{59DBDFDD-6F40-4BD3-9526-B73FE6DBE85F}"
EndProject
Project("{FAE04EC0-301F-11D3-BF4B-00C04F79EFBC}") = "linkedListExample", "LinkedListExample\linkedListExample.csproj", "{0FCAF575-FA86-4539-8559-6003337B1658}"
EndProject
Project("{FAE04EC0-301F-11D3-BF4B-00C04F79EFBC}") = "linkedList.tests", "linkedList.tests\linkedList.tests.csproj", "{D3C9E052-3EA4-40C1-8E47-363A1D122141}"
EndProject
Global
	GlobalSection(SolutionConfigurationPlatforms) = preSolution
		Debug|Any CPU = Debug|Any CPU
		Release|Any CPU = Release|Any CPU
	EndGlobalSection
	GlobalSection(ProjectConfigurationPlatforms) = postSolution
		{59DBDFDD-6F40-4BD3-9526-B73FE6DBE85F}.Debug|Any CPU.ActiveCfg = Debug|Any CPU
		{59DBDFDD-6F40-4BD3-9526-B73FE6DBE85F}.Debug|Any CPU.Build.0 = Debug|Any CPU
		{59DBDFDD-6F40-4BD3-9526-B73FE6DBE85F}.Release|Any CPU.ActiveCfg = Release|Any CPU
		{59DBDFDD-6F40-4BD3-9526-B73FE6DBE85F}.Release|Any CPU.Build.0 = Release|Any CPU
		{0FCAF575-FA86-4539-8559-6003337B1658}.Debug|Any CPU.ActiveCfg = Debug|Any CPU
		{0FCAF575-FA86-4539-8559-6003337B1658}.Debug|Any CPU.Build.0 = Debug|Any CPU
		{0FCAF575-FA86-4539-8559-6003337B1658}.Release|Any CPU.ActiveCfg = Release|Any CPU
		{0FCAF575-FA86-4539-8559-6003337B1658}.Release|Any CPU.Build.0 = Release|Any CPU
		{D3C9E052-3EA4-40C1-8E47-363A1D122141}.Debug|Any CPU.ActiveCfg = Debug|Any CPU
		{D3C9E052-3EA4-40C1-8E47-363A1D122141}.Debug|Any CPU.Build.0 = Debug|Any CPU
		{D3C9E052-3EA4-40C1-8E47-363A1D122141}.Release|Any CPU.ActiveCfg = Release|Any CPU
		{D3C9E052-3EA4-40C1-8E47-363A1D122141}.Release|Any CPU.Build.0 = Release|Any CPU
	EndGlobalSection
	GlobalSection(SolutionProperties) = preSolution
		HideSolutionNode = FALSE
	EndGlobalSection
EndGlobal
